// !$*UTF8*$!
{
	archiveVersion = 1;
	classes = {
	};
	objectVersion = 56;
	objects = {

/* Begin PBXBuildFile section */
		DC2175752A66807D00F0116F /* meditation_appApp.swift in Sources */ = {isa = PBXBuildFile; fileRef = DC2175742A66807D00F0116F /* meditation_appApp.swift */; };
		DC2175772A66807D00F0116F /* MeditationView.swift in Sources */ = {isa = PBXBuildFile; fileRef = DC2175762A66807D00F0116F /* MeditationView.swift */; };
		DC2175792A66807F00F0116F /* Assets.xcassets in Resources */ = {isa = PBXBuildFile; fileRef = DC2175782A66807F00F0116F /* Assets.xcassets */; };
		DC21757C2A66807F00F0116F /* Preview Assets.xcassets in Resources */ = {isa = PBXBuildFile; fileRef = DC21757B2A66807F00F0116F /* Preview Assets.xcassets */; };
		DC2175862A66808000F0116F /* meditation_appTests.swift in Sources */ = {isa = PBXBuildFile; fileRef = DC2175852A66808000F0116F /* meditation_appTests.swift */; };
		DC2175902A66808000F0116F /* meditation_appUITests.swift in Sources */ = {isa = PBXBuildFile; fileRef = DC21758F2A66808000F0116F /* meditation_appUITests.swift */; };
		DC2175922A66808000F0116F /* meditation_appUITestsLaunchTests.swift in Sources */ = {isa = PBXBuildFile; fileRef = DC2175912A66808000F0116F /* meditation_appUITestsLaunchTests.swift */; };
		DC4001D02A7B6E4800A07F59 /* CompletedView.swift in Sources */ = {isa = PBXBuildFile; fileRef = DC4001CF2A7B6E4800A07F59 /* CompletedView.swift */; };
		DC4001D22A7B738600A07F59 /* MainView.swift in Sources */ = {isa = PBXBuildFile; fileRef = DC4001D12A7B738600A07F59 /* MainView.swift */; };
		DC4001D42A7B7DED00A07F59 /* ChooserView.swift in Sources */ = {isa = PBXBuildFile; fileRef = DC4001D32A7B7DED00A07F59 /* ChooserView.swift */; };
/* End PBXBuildFile section */

/* Begin PBXContainerItemProxy section */
		DC2175822A66808000F0116F /* PBXContainerItemProxy */ = {
			isa = PBXContainerItemProxy;
			containerPortal = DC2175692A66807C00F0116F /* Project object */;
			proxyType = 1;
			remoteGlobalIDString = DC2175702A66807D00F0116F;
			remoteInfo = "meditation app";
		};
		DC21758C2A66808000F0116F /* PBXContainerItemProxy */ = {
			isa = PBXContainerItemProxy;
			containerPortal = DC2175692A66807C00F0116F /* Project object */;
			proxyType = 1;
			remoteGlobalIDString = DC2175702A66807D00F0116F;
			remoteInfo = "meditation app";
		};
/* End PBXContainerItemProxy section */

/* Begin PBXFileReference section */
		DC2175712A66807D00F0116F /* meditation app.app */ = {isa = PBXFileReference; explicitFileType = wrapper.application; includeInIndex = 0; path = "meditation app.app"; sourceTree = BUILT_PRODUCTS_DIR; };
		DC2175742A66807D00F0116F /* meditation_appApp.swift */ = {isa = PBXFileReference; lastKnownFileType = sourcecode.swift; path = meditation_appApp.swift; sourceTree = "<group>"; };
		DC2175762A66807D00F0116F /* MeditationView.swift */ = {isa = PBXFileReference; lastKnownFileType = sourcecode.swift; path = MeditationView.swift; sourceTree = "<group>"; };
		DC2175782A66807F00F0116F /* Assets.xcassets */ = {isa = PBXFileReference; lastKnownFileType = folder.assetcatalog; path = Assets.xcassets; sourceTree = "<group>"; };
		DC21757B2A66807F00F0116F /* Preview Assets.xcassets */ = {isa = PBXFileReference; lastKnownFileType = folder.assetcatalog; path = "Preview Assets.xcassets"; sourceTree = "<group>"; };
		DC2175812A66808000F0116F /* meditation appTests.xctest */ = {isa = PBXFileReference; explicitFileType = wrapper.cfbundle; includeInIndex = 0; path = "meditation appTests.xctest"; sourceTree = BUILT_PRODUCTS_DIR; };
		DC2175852A66808000F0116F /* meditation_appTests.swift */ = {isa = PBXFileReference; lastKnownFileType = sourcecode.swift; path = meditation_appTests.swift; sourceTree = "<group>"; };
		DC21758B2A66808000F0116F /* meditation appUITests.xctest */ = {isa = PBXFileReference; explicitFileType = wrapper.cfbundle; includeInIndex = 0; path = "meditation appUITests.xctest"; sourceTree = BUILT_PRODUCTS_DIR; };
		DC21758F2A66808000F0116F /* meditation_appUITests.swift */ = {isa = PBXFileReference; lastKnownFileType = sourcecode.swift; path = meditation_appUITests.swift; sourceTree = "<group>"; };
		DC2175912A66808000F0116F /* meditation_appUITestsLaunchTests.swift */ = {isa = PBXFileReference; lastKnownFileType = sourcecode.swift; path = meditation_appUITestsLaunchTests.swift; sourceTree = "<group>"; };
		DC4001CF2A7B6E4800A07F59 /* CompletedView.swift */ = {isa = PBXFileReference; lastKnownFileType = sourcecode.swift; path = CompletedView.swift; sourceTree = "<group>"; };
		DC4001D12A7B738600A07F59 /* MainView.swift */ = {isa = PBXFileReference; lastKnownFileType = sourcecode.swift; path = MainView.swift; sourceTree = "<group>"; };
		DC4001D32A7B7DED00A07F59 /* ChooserView.swift */ = {isa = PBXFileReference; lastKnownFileType = sourcecode.swift; path = ChooserView.swift; sourceTree = "<group>"; };
/* End PBXFileReference section */

/* Begin PBXFrameworksBuildPhase section */
		DC21756E2A66807D00F0116F /* Frameworks */ = {
			isa = PBXFrameworksBuildPhase;
			buildActionMask = 2147483647;
			files = (
			);
			runOnlyForDeploymentPostprocessing = 0;
		};
		DC21757E2A66808000F0116F /* Frameworks */ = {
			isa = PBXFrameworksBuildPhase;
			buildActionMask = 2147483647;
			files = (
			);
			runOnlyForDeploymentPostprocessing = 0;
		};
		DC2175882A66808000F0116F /* Frameworks */ = {
			isa = PBXFrameworksBuildPhase;
			buildActionMask = 2147483647;
			files = (
			);
			runOnlyForDeploymentPostprocessing = 0;
		};
/* End PBXFrameworksBuildPhase section */

/* Begin PBXGroup section */
		DC2175682A66807C00F0116F = {
			isa = PBXGroup;
			children = (
				DC2175732A66807D00F0116F /* meditation app */,
				DC2175842A66808000F0116F /* meditation appTests */,
				DC21758E2A66808000F0116F /* meditation appUITests */,
				DC2175722A66807D00F0116F /* Products */,
			);
			sourceTree = "<group>";
		};
		DC2175722A66807D00F0116F /* Products */ = {
			isa = PBXGroup;
			children = (
				DC2175712A66807D00F0116F /* meditation app.app */,
				DC2175812A66808000F0116F /* meditation appTests.xctest */,
				DC21758B2A66808000F0116F /* meditation appUITests.xctest */,
			);
			name = Products;
			sourceTree = "<group>";
		};
		DC2175732A66807D00F0116F /* meditation app */ = {
			isa = PBXGroup;
			children = (
				DC2175742A66807D00F0116F /* meditation_appApp.swift */,
				DC2175762A66807D00F0116F /* MeditationView.swift */,
				DC4001D12A7B738600A07F59 /* MainView.swift */,
				DC4001D32A7B7DED00A07F59 /* ChooserView.swift */,
				DC4001CF2A7B6E4800A07F59 /* CompletedView.swift */,
				DC2175782A66807F00F0116F /* Assets.xcassets */,
				DC21757A2A66807F00F0116F /* Preview Content */,
			);
			path = "meditation app";
			sourceTree = "<group>";
		};
		DC21757A2A66807F00F0116F /* Preview Content */ = {
			isa = PBXGroup;
			children = (
				DC21757B2A66807F00F0116F /* Preview Assets.xcassets */,
			);
			path = "Preview Content";
			sourceTree = "<group>";
		};
		DC2175842A66808000F0116F /* meditation appTests */ = {
			isa = PBXGroup;
			children = (
				DC2175852A66808000F0116F /* meditation_appTests.swift */,
			);
			path = "meditation appTests";
			sourceTree = "<group>";
		};
		DC21758E2A66808000F0116F /* meditation appUITests */ = {
			isa = PBXGroup;
			children = (
				DC21758F2A66808000F0116F /* meditation_appUITests.swift */,
				DC2175912A66808000F0116F /* meditation_appUITestsLaunchTests.swift */,
			);
			path = "meditation appUITests";
			sourceTree = "<group>";
		};
/* End PBXGroup section */

/* Begin PBXNativeTarget section */
		DC2175702A66807D00F0116F /* meditation app */ = {
			isa = PBXNativeTarget;
			buildConfigurationList = DC2175952A66808000F0116F /* Build configuration list for PBXNativeTarget "meditation app" */;
			buildPhases = (
				DC21756D2A66807D00F0116F /* Sources */,
				DC21756E2A66807D00F0116F /* Frameworks */,
				DC21756F2A66807D00F0116F /* Resources */,
			);
			buildRules = (
			);
			dependencies = (
			);
			name = "meditation app";
			productName = "meditation app";
			productReference = DC2175712A66807D00F0116F /* meditation app.app */;
			productType = "com.apple.product-type.application";
		};
		DC2175802A66808000F0116F /* meditation appTests */ = {
			isa = PBXNativeTarget;
			buildConfigurationList = DC2175982A66808000F0116F /* Build configuration list for PBXNativeTarget "meditation appTests" */;
			buildPhases = (
				DC21757D2A66808000F0116F /* Sources */,
				DC21757E2A66808000F0116F /* Frameworks */,
				DC21757F2A66808000F0116F /* Resources */,
			);
			buildRules = (
			);
			dependencies = (
				DC2175832A66808000F0116F /* PBXTargetDependency */,
			);
			name = "meditation appTests";
			productName = "meditation appTests";
			productReference = DC2175812A66808000F0116F /* meditation appTests.xctest */;
			productType = "com.apple.product-type.bundle.unit-test";
		};
		DC21758A2A66808000F0116F /* meditation appUITests */ = {
			isa = PBXNativeTarget;
			buildConfigurationList = DC21759B2A66808000F0116F /* Build configuration list for PBXNativeTarget "meditation appUITests" */;
			buildPhases = (
				DC2175872A66808000F0116F /* Sources */,
				DC2175882A66808000F0116F /* Frameworks */,
				DC2175892A66808000F0116F /* Resources */,
			);
			buildRules = (
			);
			dependencies = (
				DC21758D2A66808000F0116F /* PBXTargetDependency */,
			);
			name = "meditation appUITests";
			productName = "meditation appUITests";
			productReference = DC21758B2A66808000F0116F /* meditation appUITests.xctest */;
			productType = "com.apple.product-type.bundle.ui-testing";
		};
/* End PBXNativeTarget section */

/* Begin PBXProject section */
		DC2175692A66807C00F0116F /* Project object */ = {
			isa = PBXProject;
			attributes = {
				BuildIndependentTargetsInParallel = 1;
				LastSwiftUpdateCheck = 1430;
				LastUpgradeCheck = 1430;
				TargetAttributes = {
					DC2175702A66807D00F0116F = {
						CreatedOnToolsVersion = 14.3.1;
					};
					DC2175802A66808000F0116F = {
						CreatedOnToolsVersion = 14.3.1;
						TestTargetID = DC2175702A66807D00F0116F;
					};
					DC21758A2A66808000F0116F = {
						CreatedOnToolsVersion = 14.3.1;
						TestTargetID = DC2175702A66807D00F0116F;
					};
				};
			};
			buildConfigurationList = DC21756C2A66807C00F0116F /* Build configuration list for PBXProject "meditation app" */;
			compatibilityVersion = "Xcode 14.0";
			developmentRegion = en;
			hasScannedForEncodings = 0;
			knownRegions = (
				en,
				Base,
			);
			mainGroup = DC2175682A66807C00F0116F;
			productRefGroup = DC2175722A66807D00F0116F /* Products */;
			projectDirPath = "";
			projectRoot = "";
			targets = (
				DC2175702A66807D00F0116F /* meditation app */,
				DC2175802A66808000F0116F /* meditation appTests */,
				DC21758A2A66808000F0116F /* meditation appUITests */,
			);
		};
/* End PBXProject section */

/* Begin PBXResourcesBuildPhase section */
		DC21756F2A66807D00F0116F /* Resources */ = {
			isa = PBXResourcesBuildPhase;
			buildActionMask = 2147483647;
			files = (
				DC21757C2A66807F00F0116F /* Preview Assets.xcassets in Resources */,
				DC2175792A66807F00F0116F /* Assets.xcassets in Resources */,
			);
			runOnlyForDeploymentPostprocessing = 0;
		};
		DC21757F2A66808000F0116F /* Resources */ = {
			isa = PBXResourcesBuildPhase;
			buildActionMask = 2147483647;
			files = (
			);
			runOnlyForDeploymentPostprocessing = 0;
		};
		DC2175892A66808000F0116F /* Resources */ = {
			isa = PBXResourcesBuildPhase;
			buildActionMask = 2147483647;
			files = (
			);
			runOnlyForDeploymentPostprocessing = 0;
		};
/* End PBXResourcesBuildPhase section */

/* Begin PBXSourcesBuildPhase section */
		DC21756D2A66807D00F0116F /* Sources */ = {
			isa = PBXSourcesBuildPhase;
			buildActionMask = 2147483647;
			files = (
				DC2175772A66807D00F0116F /* MeditationView.swift in Sources */,
				DC4001D22A7B738600A07F59 /* MainView.swift in Sources */,
				DC4001D02A7B6E4800A07F59 /* CompletedView.swift in Sources */,
				DC2175752A66807D00F0116F /* meditation_appApp.swift in Sources */,
				DC4001D42A7B7DED00A07F59 /* ChooserView.swift in Sources */,
			);
			runOnlyForDeploymentPostprocessing = 0;
		};
		DC21757D2A66808000F0116F /* Sources */ = {
			isa = PBXSourcesBuildPhase;
			buildActionMask = 2147483647;
			files = (
				DC2175862A66808000F0116F /* meditation_appTests.swift in Sources */,
			);
			runOnlyForDeploymentPostprocessing = 0;
		};
		DC2175872A66808000F0116F /* Sources */ = {
			isa = PBXSourcesBuildPhase;
			buildActionMask = 2147483647;
			files = (
				DC2175922A66808000F0116F /* meditation_appUITestsLaunchTests.swift in Sources */,
				DC2175902A66808000F0116F /* meditation_appUITests.swift in Sources */,
			);
			runOnlyForDeploymentPostprocessing = 0;
		};
/* End PBXSourcesBuildPhase section */

/* Begin PBXTargetDependency section */
		DC2175832A66808000F0116F /* PBXTargetDependency */ = {
			isa = PBXTargetDependency;
			target = DC2175702A66807D00F0116F /* meditation app */;
			targetProxy = DC2175822A66808000F0116F /* PBXContainerItemProxy */;
		};
		DC21758D2A66808000F0116F /* PBXTargetDependency */ = {
			isa = PBXTargetDependency;
			target = DC2175702A66807D00F0116F /* meditation app */;
			targetProxy = DC21758C2A66808000F0116F /* PBXContainerItemProxy */;
		};
/* End PBXTargetDependency section */

/* Begin XCBuildConfiguration section */
		DC2175932A66808000F0116F /* Debug */ = {
			isa = XCBuildConfiguration;
			buildSettings = {
				ALWAYS_SEARCH_USER_PATHS = NO;
				CLANG_ANALYZER_NONNULL = YES;
				CLANG_ANALYZER_NUMBER_OBJECT_CONVERSION = YES_AGGRESSIVE;
				CLANG_CXX_LANGUAGE_STANDARD = "gnu++20";
				CLANG_ENABLE_MODULES = YES;
				CLANG_ENABLE_OBJC_ARC = YES;
				CLANG_ENABLE_OBJC_WEAK = YES;
				CLANG_WARN_BLOCK_CAPTURE_AUTORELEASING = YES;
				CLANG_WARN_BOOL_CONVERSION = YES;
				CLANG_WARN_COMMA = YES;
				CLANG_WARN_CONSTANT_CONVERSION = YES;
				CLANG_WARN_DEPRECATED_OBJC_IMPLEMENTATIONS = YES;
				CLANG_WARN_DIRECT_OBJC_ISA_USAGE = YES_ERROR;
				CLANG_WARN_DOCUMENTATION_COMMENTS = YES;
				CLANG_WARN_EMPTY_BODY = YES;
				CLANG_WARN_ENUM_CONVERSION = YES;
				CLANG_WARN_INFINITE_RECURSION = YES;
				CLANG_WARN_INT_CONVERSION = YES;
				CLANG_WARN_NON_LITERAL_NULL_CONVERSION = YES;
				CLANG_WARN_OBJC_IMPLICIT_RETAIN_SELF = YES;
				CLANG_WARN_OBJC_LITERAL_CONVERSION = YES;
				CLANG_WARN_OBJC_ROOT_CLASS = YES_ERROR;
				CLANG_WARN_QUOTED_INCLUDE_IN_FRAMEWORK_HEADER = YES;
				CLANG_WARN_RANGE_LOOP_ANALYSIS = YES;
				CLANG_WARN_STRICT_PROTOTYPES = YES;
				CLANG_WARN_SUSPICIOUS_MOVE = YES;
				CLANG_WARN_UNGUARDED_AVAILABILITY = YES_AGGRESSIVE;
				CLANG_WARN_UNREACHABLE_CODE = YES;
				CLANG_WARN__DUPLICATE_METHOD_MATCH = YES;
				COPY_PHASE_STRIP = NO;
				DEBUG_INFORMATION_FORMAT = dwarf;
				ENABLE_STRICT_OBJC_MSGSEND = YES;
				ENABLE_TESTABILITY = YES;
				GCC_C_LANGUAGE_STANDARD = gnu11;
				GCC_DYNAMIC_NO_PIC = NO;
				GCC_NO_COMMON_BLOCKS = YES;
				GCC_OPTIMIZATION_LEVEL = 0;
				GCC_PREPROCESSOR_DEFINITIONS = (
					"DEBUG=1",
					"$(inherited)",
				);
				GCC_WARN_64_TO_32_BIT_CONVERSION = YES;
				GCC_WARN_ABOUT_RETURN_TYPE = YES_ERROR;
				GCC_WARN_UNDECLARED_SELECTOR = YES;
				GCC_WARN_UNINITIALIZED_AUTOS = YES_AGGRESSIVE;
				GCC_WARN_UNUSED_FUNCTION = YES;
				GCC_WARN_UNUSED_VARIABLE = YES;
				IPHONEOS_DEPLOYMENT_TARGET = 16.4;
				MTL_ENABLE_DEBUG_INFO = INCLUDE_SOURCE;
				MTL_FAST_MATH = YES;
				ONLY_ACTIVE_ARCH = YES;
				SDKROOT = iphoneos;
				SWIFT_ACTIVE_COMPILATION_CONDITIONS = DEBUG;
				SWIFT_OPTIMIZATION_LEVEL = "-Onone";
			};
			name = Debug;
		};
		DC2175942A66808000F0116F /* Release */ = {
			isa = XCBuildConfiguration;
			buildSettings = {
				ALWAYS_SEARCH_USER_PATHS = NO;
				CLANG_ANALYZER_NONNULL = YES;
				CLANG_ANALYZER_NUMBER_OBJECT_CONVERSION = YES_AGGRESSIVE;
				CLANG_CXX_LANGUAGE_STANDARD = "gnu++20";
				CLANG_ENABLE_MODULES = YES;
				CLANG_ENABLE_OBJC_ARC = YES;
				CLANG_ENABLE_OBJC_WEAK = YES;
				CLANG_WARN_BLOCK_CAPTURE_AUTORELEASING = YES;
				CLANG_WARN_BOOL_CONVERSION = YES;
				CLANG_WARN_COMMA = YES;
				CLANG_WARN_CONSTANT_CONVERSION = YES;
				CLANG_WARN_DEPRECATED_OBJC_IMPLEMENTATIONS = YES;
				CLANG_WARN_DIRECT_OBJC_ISA_USAGE = YES_ERROR;
				CLANG_WARN_DOCUMENTATION_COMMENTS = YES;
				CLANG_WARN_EMPTY_BODY = YES;
				CLANG_WARN_ENUM_CONVERSION = YES;
				CLANG_WARN_INFINITE_RECURSION = YES;
				CLANG_WARN_INT_CONVERSION = YES;
				CLANG_WARN_NON_LITERAL_NULL_CONVERSION = YES;
				CLANG_WARN_OBJC_IMPLICIT_RETAIN_SELF = YES;
				CLANG_WARN_OBJC_LITERAL_CONVERSION = YES;
				CLANG_WARN_OBJC_ROOT_CLASS = YES_ERROR;
				CLANG_WARN_QUOTED_INCLUDE_IN_FRAMEWORK_HEADER = YES;
				CLANG_WARN_RANGE_LOOP_ANALYSIS = YES;
				CLANG_WARN_STRICT_PROTOTYPES = YES;
				CLANG_WARN_SUSPICIOUS_MOVE = YES;
				CLANG_WARN_UNGUARDED_AVAILABILITY = YES_AGGRESSIVE;
				CLANG_WARN_UNREACHABLE_CODE = YES;
				CLANG_WARN__DUPLICATE_METHOD_MATCH = YES;
				COPY_PHASE_STRIP = NO;
				DEBUG_INFORMATION_FORMAT = "dwarf-with-dsym";
				ENABLE_NS_ASSERTIONS = NO;
				ENABLE_STRICT_OBJC_MSGSEND = YES;
				GCC_C_LANGUAGE_STANDARD = gnu11;
				GCC_NO_COMMON_BLOCKS = YES;
				GCC_WARN_64_TO_32_BIT_CONVERSION = YES;
				GCC_WARN_ABOUT_RETURN_TYPE = YES_ERROR;
				GCC_WARN_UNDECLARED_SELECTOR = YES;
				GCC_WARN_UNINITIALIZED_AUTOS = YES_AGGRESSIVE;
				GCC_WARN_UNUSED_FUNCTION = YES;
				GCC_WARN_UNUSED_VARIABLE = YES;
				IPHONEOS_DEPLOYMENT_TARGET = 16.4;
				MTL_ENABLE_DEBUG_INFO = NO;
				MTL_FAST_MATH = YES;
				SDKROOT = iphoneos;
				SWIFT_COMPILATION_MODE = wholemodule;
				SWIFT_OPTIMIZATION_LEVEL = "-O";
				VALIDATE_PRODUCT = YES;
			};
			name = Release;
		};
		DC2175962A66808000F0116F /* Debug */ = {
			isa = XCBuildConfiguration;
			buildSettings = {
				ASSETCATALOG_COMPILER_APPICON_NAME = AppIcon;
				ASSETCATALOG_COMPILER_GLOBAL_ACCENT_COLOR_NAME = AccentColor;
				CODE_SIGN_STYLE = Automatic;
				CURRENT_PROJECT_VERSION = 1;
				DEVELOPMENT_ASSET_PATHS = "\"meditation app/Preview Content\"";
				DEVELOPMENT_TEAM = TPSRRF25D6;
				ENABLE_PREVIEWS = YES;
				GENERATE_INFOPLIST_FILE = YES;
				INFOPLIST_KEY_UIApplicationSceneManifest_Generation = YES;
				INFOPLIST_KEY_UIApplicationSupportsIndirectInputEvents = YES;
				INFOPLIST_KEY_UILaunchScreen_Generation = YES;
				INFOPLIST_KEY_UISupportedInterfaceOrientations_iPad = "UIInterfaceOrientationPortrait UIInterfaceOrientationPortraitUpsideDown UIInterfaceOrientationLandscapeLeft UIInterfaceOrientationLandscapeRight";
				INFOPLIST_KEY_UISupportedInterfaceOrientations_iPhone = "UIInterfaceOrientationPortrait UIInterfaceOrientationLandscapeLeft UIInterfaceOrientationLandscapeRight";
				LD_RUNPATH_SEARCH_PATHS = (
					"$(inherited)",
					"@executable_path/Frameworks",
				);
				MARKETING_VERSION = 1.0;
				PRODUCT_BUNDLE_IDENTIFIER = "digital.eichler.meditation-app";
				PRODUCT_NAME = "$(TARGET_NAME)";
				SWIFT_EMIT_LOC_STRINGS = YES;
				SWIFT_VERSION = 5.0;
				TARGETED_DEVICE_FAMILY = "1,2";
			};
			name = Debug;
		};
		DC2175972A66808000F0116F /* Release */ = {
			isa = XCBuildConfiguration;
			buildSettings = {
				ASSETCATALOG_COMPILER_APPICON_NAME = AppIcon;
				ASSETCATALOG_COMPILER_GLOBAL_ACCENT_COLOR_NAME = AccentColor;
				CODE_SIGN_STYLE = Automatic;
				CURRENT_PROJECT_VERSION = 1;
				DEVELOPMENT_ASSET_PATHS = "\"meditation app/Preview Content\"";
				DEVELOPMENT_TEAM = TPSRRF25D6;
				ENABLE_PREVIEWS = YES;
				GENERATE_INFOPLIST_FILE = YES;
				INFOPLIST_KEY_UIApplicationSceneManifest_Generation = YES;
				INFOPLIST_KEY_UIApplicationSupportsIndirectInputEvents = YES;
				INFOPLIST_KEY_UILaunchScreen_Generation = YES;
				INFOPLIST_KEY_UISupportedInterfaceOrientations_iPad = "UIInterfaceOrientationPortrait UIInterfaceOrientationPortraitUpsideDown UIInterfaceOrientationLandscapeLeft UIInterfaceOrientationLandscapeRight";
				INFOPLIST_KEY_UISupportedInterfaceOrientations_iPhone = "UIInterfaceOrientationPortrait UIInterfaceOrientationLandscapeLeft UIInterfaceOrientationLandscapeRight";
				LD_RUNPATH_SEARCH_PATHS = (
					"$(inherited)",
					"@executable_path/Frameworks",
				);
				MARKETING_VERSION = 1.0;
				PRODUCT_BUNDLE_IDENTIFIER = "digital.eichler.meditation-app";
				PRODUCT_NAME = "$(TARGET_NAME)";
				SWIFT_EMIT_LOC_STRINGS = YES;
				SWIFT_VERSION = 5.0;
				TARGETED_DEVICE_FAMILY = "1,2";
			};
			name = Release;
		};
		DC2175992A66808000F0116F /* Debug */ = {
			isa = XCBuildConfiguration;
			buildSettings = {
				ALWAYS_EMBED_SWIFT_STANDARD_LIBRARIES = YES;
				BUNDLE_LOADER = "$(TEST_HOST)";
				CODE_SIGN_STYLE = Automatic;
				CURRENT_PROJECT_VERSION = 1;
				DEVELOPMENT_TEAM = TPSRRF25D6;
				GENERATE_INFOPLIST_FILE = YES;
				IPHONEOS_DEPLOYMENT_TARGET = 16.4;
				MARKETING_VERSION = 1.0;
				PRODUCT_BUNDLE_IDENTIFIER = "digital.eichler.meditation-appTests";
				PRODUCT_NAME = "$(TARGET_NAME)";
				SWIFT_EMIT_LOC_STRINGS = NO;
				SWIFT_VERSION = 5.0;
				TARGETED_DEVICE_FAMILY = "1,2";
				TEST_HOST = "$(BUILT_PRODUCTS_DIR)/meditation app.app/$(BUNDLE_EXECUTABLE_FOLDER_PATH)/meditation app";
			};
			name = Debug;
		};
		DC21759A2A66808000F0116F /* Release */ = {
			isa = XCBuildConfiguration;
			buildSettings = {
				ALWAYS_EMBED_SWIFT_STANDARD_LIBRARIES = YES;
				BUNDLE_LOADER = "$(TEST_HOST)";
				CODE_SIGN_STYLE = Automatic;
				CURRENT_PROJECT_VERSION = 1;
				DEVELOPMENT_TEAM = TPSRRF25D6;
				GENERATE_INFOPLIST_FILE = YES;
				IPHONEOS_DEPLOYMENT_TARGET = 16.4;
				MARKETING_VERSION = 1.0;
				PRODUCT_BUNDLE_IDENTIFIER = "digital.eichler.meditation-appTests";
				PRODUCT_NAME = "$(TARGET_NAME)";
				SWIFT_EMIT_LOC_STRINGS = NO;
				SWIFT_VERSION = 5.0;
				TARGETED_DEVICE_FAMILY = "1,2";
				TEST_HOST = "$(BUILT_PRODUCTS_DIR)/meditation app.app/$(BUNDLE_EXECUTABLE_FOLDER_PATH)/meditation app";
			};
			name = Release;
		};
		DC21759C2A66808000F0116F /* Debug */ = {
			isa = XCBuildConfiguration;
			buildSettings = {
				ALWAYS_EMBED_SWIFT_STANDARD_LIBRARIES = YES;
				CODE_SIGN_STYLE = Automatic;
				CURRENT_PROJECT_VERSION = 1;
				DEVELOPMENT_TEAM = TPSRRF25D6;
				GENERATE_INFOPLIST_FILE = YES;
				MARKETING_VERSION = 1.0;
				PRODUCT_BUNDLE_IDENTIFIER = "digital.eichler.meditation-appUITests";
				PRODUCT_NAME = "$(TARGET_NAME)";
				SWIFT_EMIT_LOC_STRINGS = NO;
				SWIFT_VERSION = 5.0;
				TARGETED_DEVICE_FAMILY = "1,2";
				TEST_TARGET_NAME = "meditation app";
			};
			name = Debug;
		};
		DC21759D2A66808000F0116F /* Release */ = {
			isa = XCBuildConfiguration;
			buildSettings = {
				ALWAYS_EMBED_SWIFT_STANDARD_LIBRARIES = YES;
				CODE_SIGN_STYLE = Automatic;
				CURRENT_PROJECT_VERSION = 1;
				DEVELOPMENT_TEAM = TPSRRF25D6;
				GENERATE_INFOPLIST_FILE = YES;
				MARKETING_VERSION = 1.0;
				PRODUCT_BUNDLE_IDENTIFIER = "digital.eichler.meditation-appUITests";
				PRODUCT_NAME = "$(TARGET_NAME)";
				SWIFT_EMIT_LOC_STRINGS = NO;
				SWIFT_VERSION = 5.0;
				TARGETED_DEVICE_FAMILY = "1,2";
				TEST_TARGET_NAME = "meditation app";
			};
			name = Release;
		};
/* End XCBuildConfiguration section */

/* Begin XCConfigurationList section */
		DC21756C2A66807C00F0116F /* Build configuration list for PBXProject "meditation app" */ = {
			isa = XCConfigurationList;
			buildConfigurations = (
				DC2175932A66808000F0116F /* Debug */,
				DC2175942A66808000F0116F /* Release */,
			);
			defaultConfigurationIsVisible = 0;
			defaultConfigurationName = Release;
		};
		DC2175952A66808000F0116F /* Build configuration list for PBXNativeTarget "meditation app" */ = {
			isa = XCConfigurationList;
			buildConfigurations = (
				DC2175962A66808000F0116F /* Debug */,
				DC2175972A66808000F0116F /* Release */,
			);
			defaultConfigurationIsVisible = 0;
			defaultConfigurationName = Release;
		};
		DC2175982A66808000F0116F /* Build configuration list for PBXNativeTarget "meditation appTests" */ = {
			isa = XCConfigurationList;
			buildConfigurations = (
				DC2175992A66808000F0116F /* Debug */,
				DC21759A2A66808000F0116F /* Release */,
			);
			defaultConfigurationIsVisible = 0;
			defaultConfigurationName = Release;
		};
		DC21759B2A66808000F0116F /* Build configuration list for PBXNativeTarget "meditation appUITests" */ = {
			isa = XCConfigurationList;
			buildConfigurations = (
				DC21759C2A66808000F0116F /* Debug */,
				DC21759D2A66808000F0116F /* Release */,
			);
			defaultConfigurationIsVisible = 0;
			defaultConfigurationName = Release;
		};
/* End XCConfigurationList section */
	};
	rootObject = DC2175692A66807C00F0116F /* Project object */;
}
